
Microsoft Visual Studio Solution File, Format Version 12.00
# Visual Studio Version 17
VisualStudioVersion = 17.2.32516.85
MinimumVisualStudioVersion = 10.0.40219.1
Project("{FAE04EC0-301F-11D3-BF4B-00C04F79EFBC}") = "TicTacToe", "TicTacToe.csproj", "{22273864-F558-463D-8983-869FE4C5493B}"
EndProject
Global
	GlobalSection(SolutionConfigurationPlatforms) = preSolution
		Debug|Any CPU = Debug|Any CPU
		Release|Any CPU = Release|Any CPU
	EndGlobalSection
	GlobalSection(ProjectConfigurationPlatforms) = postSolution
		{22273864-F558-463D-8983-869FE4C5493B}.Debug|Any CPU.ActiveCfg = Debug|Any CPU
		{22273864-F558-463D-8983-869FE4C5493B}.Debug|Any CPU.Build.0 = Debug|Any CPU
		{22273864-F558-463D-8983-869FE4C5493B}.Release|Any CPU.ActiveCfg = Release|Any CPU
		{22273864-F558-463D-8983-869FE4C5493B}.Release|Any CPU.Build.0 = Release|Any CPU
	EndGlobalSection
	GlobalSection(SolutionProperties) = preSolution
		HideSolutionNode = FALSE
	EndGlobalSection
	GlobalSection(ExtensibilityGlobals) = postSolution
		SolutionGuid = {445487DF-32A7-433B-AF7A-4F2EF8F21F7A}
	EndGlobalSection
EndGlobal
